
Microsoft Visual Studio Solution File, Format Version 12.00
# Visual Studio Version 17
VisualStudioVersion = 17.7.34031.279
MinimumVisualStudioVersion = 10.0.40219.1
Project("{9A19103F-16F7-4668-BE54-9A1E7A4F7556}") = "EducationAPI", "Education\EducationAPI.csproj", "{D870A11F-4C6F-4719-BB6C-625515DB4D49}"
EndProject
Project("{9A19103F-16F7-4668-BE54-9A1E7A4F7556}") = "ETL", "ETL\ETL.csproj", "{BF0C8B31-7919-4542-AABB-59C38FB33C7F}"
EndProject
Project("{54A90642-561A-4BB1-A94E-469ADEE60C69}") = "educationui", "EducationUI\educationui.esproj", "{57FC2877-B34C-4970-A1DC-34FA7F5774FB}"
EndProject
Global
	GlobalSection(SolutionConfigurationPlatforms) = preSolution
		Debug|Any CPU = Debug|Any CPU
		Release|Any CPU = Release|Any CPU
	EndGlobalSection
	GlobalSection(ProjectConfigurationPlatforms) = postSolution
		{D870A11F-4C6F-4719-BB6C-625515DB4D49}.Debug|Any CPU.ActiveCfg = Debug|Any CPU
		{D870A11F-4C6F-4719-BB6C-625515DB4D49}.Debug|Any CPU.Build.0 = Debug|Any CPU
		{D870A11F-4C6F-4719-BB6C-625515DB4D49}.Release|Any CPU.ActiveCfg = Release|Any CPU
		{D870A11F-4C6F-4719-BB6C-625515DB4D49}.Release|Any CPU.Build.0 = Release|Any CPU
		{BF0C8B31-7919-4542-AABB-59C38FB33C7F}.Debug|Any CPU.ActiveCfg = Debug|Any CPU
		{BF0C8B31-7919-4542-AABB-59C38FB33C7F}.Debug|Any CPU.Build.0 = Debug|Any CPU
		{BF0C8B31-7919-4542-AABB-59C38FB33C7F}.Release|Any CPU.ActiveCfg = Release|Any CPU
		{BF0C8B31-7919-4542-AABB-59C38FB33C7F}.Release|Any CPU.Build.0 = Release|Any CPU
		{57FC2877-B34C-4970-A1DC-34FA7F5774FB}.Debug|Any CPU.ActiveCfg = Debug|Any CPU
		{57FC2877-B34C-4970-A1DC-34FA7F5774FB}.Debug|Any CPU.Build.0 = Debug|Any CPU
		{57FC2877-B34C-4970-A1DC-34FA7F5774FB}.Debug|Any CPU.Deploy.0 = Debug|Any CPU
		{57FC2877-B34C-4970-A1DC-34FA7F5774FB}.Release|Any CPU.ActiveCfg = Release|Any CPU
		{57FC2877-B34C-4970-A1DC-34FA7F5774FB}.Release|Any CPU.Build.0 = Release|Any CPU
		{57FC2877-B34C-4970-A1DC-34FA7F5774FB}.Release|Any CPU.Deploy.0 = Release|Any CPU
	EndGlobalSection
	GlobalSection(SolutionProperties) = preSolution
		HideSolutionNode = FALSE
	EndGlobalSection
	GlobalSection(ExtensibilityGlobals) = postSolution
		SolutionGuid = {0A2E8A92-419D-409A-AEE8-E764275E9467}
	EndGlobalSection
EndGlobal
